<?xml version="1.0" encoding="utf-8"?>
<Project ToolsVersion="4.0" xmlns="http://schemas.microsoft.com/developer/msbuild/2003">
  <ItemGroup>
    <FxCompile Include="Asset\Shader\SampleShader.hlsl">
      <Filter>Asset\Shader</Filter>
    </FxCompile>
    <FxCompile Include="Asset\Shader\StaticMeshShader.hlsl">
      <Filter>Asset\Shader</Filter>
    </FxCompile>
    <FxCompile Include="Asset\Shader\TextShader.hlsl">
      <Filter>Asset\Shader</Filter>
    </FxCompile>
    <FxCompile Include="Asset\Shader\TextureShader.hlsl">
      <Filter>Asset\Shader</Filter>
    </FxCompile>
  </ItemGroup>
  <ItemGroup>
    <ClCompile Include="Private\Render\Viewport\ViewportClinet.cpp">
      <Filter>Private\Render\Viewport</Filter>
    </ClCompile>
    <ClCompile Include="pch.cpp" />
    <ClCompile Include="main.cpp" />
    <ClCompile Include="Private\Render\UI\Widget\LevelTabBarWidget.cpp">
      <Filter>Private\Render\UI\Widget</Filter>
    </ClCompile>
    <ClCompile Include="Private\Render\UI\Widget\MainBarWidget.cpp">
      <Filter>Private\Render\UI\Widget</Filter>
    </ClCompile>
    <ClCompile Include="Private\Render\UI\Widget\ActorDetailWidget.cpp">
      <Filter>Private\Render\UI\Widget</Filter>
    </ClCompile>
    <ClCompile Include="Private\Render\UI\Widget\ActorListWidget.cpp">
      <Filter>Private\Render\UI\Widget</Filter>
    </ClCompile>
    <ClCompile Include="Private\Render\UI\Widget\ViewSettingsWidget.cpp">
      <Filter>Private\Render\UI\Widget</Filter>
    </ClCompile>
    <ClCompile Include="Private\\Render\UI\Widget\\ActorTerminationWidget.cpp">
      <Filter>Private\Render\UI\Widget</Filter>
    </ClCompile>
    <ClCompile Include="Private\\Render\UI\Widget\\CameraControlWIdget.cpp">
      <Filter>Private\Render\UI\Widget</Filter>
    </ClCompile>
    <ClCompile Include="Private\\Render\UI\Widget\\ConsoleWidget.cpp">
      <Filter>Private\Render\UI\Widget</Filter>
    </ClCompile>
    <ClCompile Include="Private\\Render\UI\Widget\\FPSWidget.cpp">
      <Filter>Private\Render\UI\Widget</Filter>
    </ClCompile>
    <ClCompile Include="Private\\Render\UI\Widget\\InputInformationWidget.cpp">
      <Filter>Private\Render\UI\Widget</Filter>
    </ClCompile>
    <ClCompile Include="Private\\Render\UI\Widget\\PrimitiveSpawnWidget.cpp">
      <Filter>Private\Render\UI\Widget</Filter>
    </ClCompile>
    <ClCompile Include="Private\\Render\UI\Widget\\SceneIOWidget.cpp">
      <Filter>Private\Render\UI\Widget</Filter>
    </ClCompile>
    <ClCompile Include="Private\Render\UI\Widget\TargetComponentWidget.cpp">
      <Filter>Private\Render\UI\Widget</Filter>
    </ClCompile>
    <ClCompile Include="Private\\Render\UI\Widget\\Widget.cpp">
      <Filter>Private\Render\UI\Widget</Filter>
    </ClCompile>
    <ClCompile Include="Private\Render\UI\Window\LevelTabBarWindow.cpp">
      <Filter>Private\Render\UI\Window</Filter>
    </ClCompile>
    <ClCompile Include="Private\Render\UI\Window\MainMenuWindow.cpp">
      <Filter>Private\Render\UI\Window</Filter>
    </ClCompile>
    <ClCompile Include="Private\Render\UI\Window\DetailWindow.cpp">
      <Filter>Private\Render\UI\Window</Filter>
    </ClCompile>
    <ClCompile Include="Private\\Render\UI\Window\\ConsoleWindow.cpp">
      <Filter>Private\Render\UI\Window</Filter>
    </ClCompile>
    <ClCompile Include="Private\\Render\UI\Window\\ControlPanelWindow.cpp">
      <Filter>Private\Render\UI\Window</Filter>
    </ClCompile>
    <ClCompile Include="Private\\Render\UI\Window\\ExperimentalFeatureWindow.cpp">
      <Filter>Private\Render\UI\Window</Filter>
    </ClCompile>
    <ClCompile Include="Private\\Render\UI\Window\\OutlinerWindow.cpp">
      <Filter>Private\Render\UI\Window</Filter>
    </ClCompile>
    <ClCompile Include="Private\\Render\UI\Window\\UIWindow.cpp">
      <Filter>Private\Render\UI\Window</Filter>
    </ClCompile>
    <ClCompile Include="Private\Render\UI\Layout\Splitter.cpp">
      <Filter>Private\Render\UI\Layout</Filter>
    </ClCompile>
    <ClCompile Include="Private\Render\UI\Layout\SViewportWindow.cpp">
      <Filter>Private\Render\UI\Layout</Filter>
    </ClCompile>
    <ClCompile Include="Private\Render\UI\Layout\Window.cpp">
      <Filter>Private\Render\UI\Layout</Filter>
    </ClCompile>
    <ClCompile Include="Private\\Render\UI\Factory\\UIWindowFactory.cpp">
      <Filter>Private\Render\UI\Factory</Filter>
    </ClCompile>
    <ClCompile Include="Private\\Render\UI\ImGui\\ImGuiHelper.cpp">
      <Filter>Private\Render\UI\ImGui</Filter>
    </ClCompile>
    <ClCompile Include="Private\Render\Cull\MSOC.cpp">
      <Filter>Private\Render\Cull</Filter>
    </ClCompile>
    <ClCompile Include="Private\Render\Viewport\Viewport.cpp">
      <Filter>Private\Render\Viewport</Filter>
    </ClCompile>
    <ClCompile Include="Private\\Render\Renderer\\DeviceResources.cpp">
      <Filter>Private\Render\Renderer</Filter>
    </ClCompile>
    <ClCompile Include="Private\\Render\Renderer\\LineBatchRenderer.cpp">
      <Filter>Private\Render\Renderer</Filter>
    </ClCompile>
    <ClCompile Include="Private\\Render\Renderer\\Pipeline.cpp">
      <Filter>Private\Render\Renderer</Filter>
    </ClCompile>
    <ClCompile Include="Private\\Render\Renderer\\Renderer.cpp">
      <Filter>Private\Render\Renderer</Filter>
    </ClCompile>
    <ClCompile Include="Private\Components\BoxComponent.cpp">
      <Filter>Private\Components</Filter>
    </ClCompile>
    <ClCompile Include="Private\Components\ShapeComponent.cpp">
      <Filter>Private\Components</Filter>
    </ClCompile>
    <ClCompile Include="Private\Components\BillBoardComponent.cpp">
      <Filter>Private\Components</Filter>
    </ClCompile>
    <ClCompile Include="Private\Components\PrimitiveComponent.cpp">
      <Filter>Private\Components</Filter>
    </ClCompile>
    <ClCompile Include="Private\Components\StaticMeshComponent.cpp">
      <Filter>Private\Components</Filter>
    </ClCompile>
    <ClCompile Include="Private\Components\TextRenderComponent.cpp">
      <Filter>Private\Components</Filter>
    </ClCompile>
    <ClCompile Include="Private\Components\MeshComponent.cpp">
      <Filter>Private\Components</Filter>
    </ClCompile>
    <ClCompile Include="Private\Components\ActorComponent.cpp">
      <Filter>Private\Components</Filter>
    </ClCompile>
    <ClCompile Include="Private\Components\SceneComponent.cpp">
      <Filter>Private\Components</Filter>
    </ClCompile>
    <ClCompile Include="Private\Actor\DecalActor.cpp">
      <Filter>Private\Actor</Filter>
    </ClCompile>
    <ClCompile Include="Private\Actor\StaticMeshActor.cpp">
      <Filter>Private\Actor</Filter>
    </ClCompile>
    <ClCompile Include="Private\Actor\Actor.cpp">
      <Filter>Private\Actor</Filter>
    </ClCompile>
    <ClCompile Include="Private\Manager\Viewport\ViewportManager.cpp">
      <Filter>Private\Manager\Viewport</Filter>
    </ClCompile>
    <ClCompile Include="Private\Manager\Resource\ResourceManager.cpp">
      <Filter>Private\Manager\Resource</Filter>
    </ClCompile>
    <ClCompile Include="Private\Manager\Overlay\OverlayManager.cpp">
      <Filter>Private\Manager\Overlay</Filter>
    </ClCompile>
    <ClCompile Include="Private\Manager\Time\Week05TimeClass.cpp">
      <Filter>Private\Manager\Time</Filter>
    </ClCompile>
    <ClCompile Include="Private\\Manager\Time\\TimeManager.cpp">
      <Filter>Private\Manager\Time</Filter>
    </ClCompile>
    <ClCompile Include="Private\\Manager\Input\\InputManager.cpp">
      <Filter>Private\Manager\Input</Filter>
    </ClCompile>
    <ClCompile Include="Private\Manager\Level\World .cpp">
      <Filter>Private\Manager\Level</Filter>
    </ClCompile>
    <ClCompile Include="Private\\Manager\Path\\PathManager.cpp">
      <Filter>Private\Manager\Path</Filter>
    </ClCompile>
    <ClCompile Include="Private\\Manager\UI\\UIManager.cpp">
      <Filter>Private\Manager\UI</Filter>
    </ClCompile>
    <ClCompile Include="Private\Core\ObjectIterator.cpp">
      <Filter>Private\Core</Filter>
    </ClCompile>
    <ClCompile Include="Private\\Core\\Class.cpp">
      <Filter>Private\Core</Filter>
    </ClCompile>
    <ClCompile Include="Private\\Core\\Object.cpp">
      <Filter>Private\Core</Filter>
    </ClCompile>
    <ClCompile Include="Private\\Core\\AppWindow.cpp">
      <Filter>Private\Core</Filter>
    </ClCompile>
    <ClCompile Include="Private\\Core\\ClientApp.cpp">
      <Filter>Private\Core</Filter>
    </ClCompile>
    <ClCompile Include="Private\Editor\EditorEngine.cpp">
      <Filter>Private\Editor</Filter>
    </ClCompile>
    <ClCompile Include="Private\\Editor\\Axis.cpp">
      <Filter>Private\Editor</Filter>
    </ClCompile>
    <ClCompile Include="Private\\Editor\\Camera.cpp">
      <Filter>Private\Editor</Filter>
    </ClCompile>
    <ClCompile Include="Private\\Editor\\Editor.cpp">
      <Filter>Private\Editor</Filter>
    </ClCompile>
    <ClCompile Include="Private\\Editor\\Gizmo.cpp">
      <Filter>Private\Editor</Filter>
    </ClCompile>
    <ClCompile Include="Private\\Editor\\Grid.cpp">
      <Filter>Private\Editor</Filter>
    </ClCompile>
    <ClCompile Include="Private\\Editor\\ObjectPicker.cpp">
      <Filter>Private\Editor</Filter>
    </ClCompile>
    <ClCompile Include="Private\Math\AABB.cpp">
      <Filter>Private\Math</Filter>
    </ClCompile>
    <ClCompile Include="Private\Math\Bvh.cpp">
      <Filter>Private\Math</Filter>
    </ClCompile>
    <ClCompile Include="Private\Math\Math.cpp">
      <Filter>Private\Math</Filter>
    </ClCompile>
    <ClCompile Include="Private\Mesh\StaticMesh.cpp">
      <Filter>Private\Mesh</Filter>
    </ClCompile>
    <ClCompile Include="Private\Mesh\VertexDatas.cpp">
      <Filter>Private\Mesh</Filter>
    </ClCompile>
    <ClCompile Include="Private\\Level\\Level.cpp">
      <Filter>Private\Level</Filter>
    </ClCompile>
    <ClCompile Include="Private\\Utility\\LevelSerializer.cpp">
      <Filter>Private\Utility</Filter>
    </ClCompile>
    <ClCompile Include="Public\Mesh\Material.cpp">
      <Filter>Public\Mesh</Filter>
    </ClCompile>
    <ClCompile Include="Public\Utility\Archive.cpp">
      <Filter>Public\Utility</Filter>
    </ClCompile>
    <ClCompile Include="Public\Utility\ArchiveFileReader.cpp">
      <Filter>Public\Utility</Filter>
    </ClCompile>
    <ClCompile Include="Public\Utility\ArchiveFileWriter.cpp">
      <Filter>Public\Utility</Filter>
    </ClCompile>
    <ClCompile Include="Public\Utility\FileManager.cpp">
      <Filter>Public\Utility</Filter>
    </ClCompile>
    <ClCompile Include="Public\Utility\MtlParser.cpp">
      <Filter>Public\Utility</Filter>
    </ClCompile>
    <ClCompile Include="Public\Utility\ObjManager.cpp">
      <Filter>Public\Utility</Filter>
    </ClCompile>
    <ClCompile Include="Global\Name.cpp">
      <Filter>Global</Filter>
    </ClCompile>
    <ClCompile Include="Global\NameTable.cpp">
      <Filter>Global</Filter>
    </ClCompile>
    <ClCompile Include="Global\Traits.cpp">
      <Filter>Global</Filter>
    </ClCompile>
    <ClCompile Include="Global\Matrix.cpp">
      <Filter>Global</Filter>
    </ClCompile>
    <ClCompile Include="Global\Quat.cpp">
      <Filter>Global</Filter>
    </ClCompile>
    <ClCompile Include="Global\Memory.cpp">
      <Filter>Global</Filter>
    </ClCompile>
    <ClCompile Include="Global\Vector.cpp">
      <Filter>Global</Filter>
    </ClCompile>
    <ClCompile Include="ImGui\imgui.cpp">
      <Filter>ImGui</Filter>
    </ClCompile>
    <ClCompile Include="ImGui\imgui_demo.cpp">
      <Filter>ImGui</Filter>
    </ClCompile>
    <ClCompile Include="ImGui\imgui_draw.cpp">
      <Filter>ImGui</Filter>
    </ClCompile>
    <ClCompile Include="ImGui\imgui_impl_dx11.cpp">
      <Filter>ImGui</Filter>
    </ClCompile>
    <ClCompile Include="ImGui\imgui_impl_win32.cpp">
      <Filter>ImGui</Filter>
    </ClCompile>
    <ClCompile Include="ImGui\imgui_tables.cpp">
      <Filter>ImGui</Filter>
    </ClCompile>
    <ClCompile Include="ImGui\imgui_widgets.cpp">
      <Filter>ImGui</Filter>
    </ClCompile>
  </ItemGroup>
  <ItemGroup>
    <ClInclude Include="pch.h" />
    <ClInclude Include="Public\Actor\DecalActor.h">
      <Filter>Public\Actor</Filter>
    </ClInclude>
    <ClInclude Include="Public\Actor\StaticMeshActor.h">
      <Filter>Public\Actor</Filter>
    </ClInclude>
    <ClInclude Include="Public\Actor\Actor.h">
      <Filter>Public\Actor</Filter>
    </ClInclude>
    <ClInclude Include="Public\Components\BillBoardComponent.h">
      <Filter>Public\Components</Filter>
    </ClInclude>
    <ClInclude Include="Public\Components\BoxComponent.h">
      <Filter>Public\Components</Filter>
    </ClInclude>
    <ClInclude Include="Public\Components\ShapeComponent.h">
      <Filter>Public\Components</Filter>
    </ClInclude>
    <ClInclude Include="Public\Components\PrimitiveComponent.h">
      <Filter>Public\Components</Filter>
    </ClInclude>
    <ClInclude Include="Public\Components\StaticMeshComponent.h">
      <Filter>Public\Components</Filter>
    </ClInclude>
    <ClInclude Include="Public\Components\TextRenderComponent.h">
      <Filter>Public\Components</Filter>
    </ClInclude>
    <ClInclude Include="Public\Components\MeshComponent.h">
      <Filter>Public\Components</Filter>
    </ClInclude>
    <ClInclude Include="Public\Components\ActorComponent.h">
      <Filter>Public\Components</Filter>
    </ClInclude>
    <ClInclude Include="Public\Components\SceneComponent.h">
      <Filter>Public\Components</Filter>
    </ClInclude>
    <ClInclude Include="Public\Render\UI\Widget\ActorDetailWidget.h">
      <Filter>Public\Render\UI\Widget</Filter>
    </ClInclude>
    <ClInclude Include="Public\Render\UI\Widget\ActorListWidget.h">
      <Filter>Public\Render\UI\Widget</Filter>
    </ClInclude>
    <ClInclude Include="Public\Render\UI\Widget\LevelTabBarWidget.h">
      <Filter>Public\Render\UI\Widget</Filter>
    </ClInclude>
    <ClInclude Include="Public\Render\UI\Widget\MainBarWidget.h">
      <Filter>Public\Render\UI\Widget</Filter>
    </ClInclude>
    <ClInclude Include="Public\Render\UI\Widget\ViewSettingsWidget.h">
      <Filter>Public\Render\UI\Widget</Filter>
    </ClInclude>
    <ClInclude Include="Public\\Render\UI\Widget\\ActorTerminationWidget.h">
      <Filter>Public\Render\UI\Widget</Filter>
    </ClInclude>
    <ClInclude Include="Public\\Render\UI\Widget\\CameraControlWidget.h">
      <Filter>Public\Render\UI\Widget</Filter>
    </ClInclude>
    <ClInclude Include="Public\\Render\UI\Widget\\ConsoleWidget.h">
      <Filter>Public\Render\UI\Widget</Filter>
    </ClInclude>
    <ClInclude Include="Public\\Render\UI\Widget\\FPSWidget.h">
      <Filter>Public\Render\UI\Widget</Filter>
    </ClInclude>
    <ClInclude Include="Public\\Render\UI\Widget\\InputInformationWidget.h">
      <Filter>Public\Render\UI\Widget</Filter>
    </ClInclude>
    <ClInclude Include="Public\\Render\UI\Widget\\PrimitiveSpawnWidget.h">
      <Filter>Public\Render\UI\Widget</Filter>
    </ClInclude>
    <ClInclude Include="Public\\Render\UI\Widget\\SceneIOWidget.h">
      <Filter>Public\Render\UI\Widget</Filter>
    </ClInclude>
    <ClInclude Include="Public\Render\UI\Widget\TargetComponentWidget.h">
      <Filter>Public\Render\UI\Widget</Filter>
    </ClInclude>
    <ClInclude Include="Public\\Render\UI\Widget\\Widget.h">
      <Filter>Public\Render\UI\Widget</Filter>
    </ClInclude>
    <ClInclude Include="Public\Render\UI\Window\DetailWindow.h">
      <Filter>Public\Render\UI\Window</Filter>
    </ClInclude>
    <ClInclude Include="Public\Render\UI\Window\LevelTabBarWindow.h">
      <Filter>Public\Render\UI\Window</Filter>
    </ClInclude>
    <ClInclude Include="Public\Render\UI\Window\MainMenuWindow.h">
      <Filter>Public\Render\UI\Window</Filter>
    </ClInclude>
    <ClInclude Include="Public\\Render\UI\Window\\ConsoleWindow.h">
      <Filter>Public\Render\UI\Window</Filter>
    </ClInclude>
    <ClInclude Include="Public\\Render\UI\Window\\ControlPanelWindow.h">
      <Filter>Public\Render\UI\Window</Filter>
    </ClInclude>
    <ClInclude Include="Public\\Render\UI\Window\\ExperimentalFeatureWindow.h">
      <Filter>Public\Render\UI\Window</Filter>
    </ClInclude>
    <ClInclude Include="Public\\Render\UI\Window\\OutlinerWindow.h">
      <Filter>Public\Render\UI\Window</Filter>
    </ClInclude>
    <ClInclude Include="Public\\Render\UI\Window\\UIWindow.h">
      <Filter>Public\Render\UI\Window</Filter>
    </ClInclude>
    <ClInclude Include="Public\Render\UI\Layout\MultiViewBuilders.h">
      <Filter>Public\Render\UI\Layout</Filter>
    </ClInclude>
    <ClInclude Include="Public\Render\UI\Layout\Splitter.h">
      <Filter>Public\Render\UI\Layout</Filter>
    </ClInclude>
    <ClInclude Include="Public\Render\UI\Layout\SplitterH.h">
      <Filter>Public\Render\UI\Layout</Filter>
    </ClInclude>
    <ClInclude Include="Public\Render\UI\Layout\SplitterV.h">
      <Filter>Public\Render\UI\Layout</Filter>
    </ClInclude>
    <ClInclude Include="Public\Render\UI\Layout\SViewportWindow.h">
      <Filter>Public\Render\UI\Layout</Filter>
    </ClInclude>
    <ClInclude Include="Public\Render\UI\Layout\Window.h">
      <Filter>Public\Render\UI\Layout</Filter>
    </ClInclude>
    <ClInclude Include="Public\\Render\UI\Factory\\UIWindowFactory.h">
      <Filter>Public\Render\UI\Factory</Filter>
    </ClInclude>
    <ClInclude Include="Public\\Render\UI\ImGui\\ImGuiHelper.h">
      <Filter>Public\Render\UI\ImGui</Filter>
    </ClInclude>
    <ClInclude Include="Public\Render\Cull\MSOC.h">
      <Filter>Public\Render\Cull</Filter>
    </ClInclude>
    <ClInclude Include="Public\Render\Viewport\Viewport.h">
      <Filter>Public\Render\Viewport</Filter>
    </ClInclude>
    <ClInclude Include="Public\Render\Viewport\ViewportClient.h">
      <Filter>Public\Render\Viewport</Filter>
    </ClInclude>
    <ClInclude Include="Public\\Render\Renderer\\DeviceResources.h">
      <Filter>Public\Render\Renderer</Filter>
    </ClInclude>
    <ClInclude Include="Public\\Render\Renderer\\LineBatchRenderer.h">
      <Filter>Public\Render\Renderer</Filter>
    </ClInclude>
    <ClInclude Include="Public\\Render\Renderer\\Pipeline.h">
      <Filter>Public\Render\Renderer</Filter>
    </ClInclude>
    <ClInclude Include="Public\\Render\Renderer\\Renderer.h">
      <Filter>Public\Render\Renderer</Filter>
    </ClInclude>
    <ClInclude Include="Public\Manager\Viewport\ViewportManager.h">
      <Filter>Public\Manager\Viewport</Filter>
    </ClInclude>
    <ClInclude Include="Public\Manager\Resource\ResourceManager.h">
      <Filter>Public\Manager\Resource</Filter>
    </ClInclude>
    <ClInclude Include="Public\Manager\Overlay\OverlayManager.h">
      <Filter>Public\Manager\Overlay</Filter>
    </ClInclude>
    <ClInclude Include="Public\Manager\Time\Week05TimeClass.h">
      <Filter>Public\Manager\Time</Filter>
    </ClInclude>
    <ClInclude Include="Public\\Manager\Time\\TimeManager.h">
      <Filter>Public\Manager\Time</Filter>
    </ClInclude>
    <ClInclude Include="Public\\Manager\Input\\InputManager.h">
      <Filter>Public\Manager\Input</Filter>
    </ClInclude>
    <ClInclude Include="Public\Manager\Level\World.h">
      <Filter>Public\Manager\Level</Filter>
    </ClInclude>
    <ClInclude Include="Public\\Manager\Path\\PathManager.h">
      <Filter>Public\Manager\Path</Filter>
    </ClInclude>
    <ClInclude Include="Public\\Manager\UI\\UIManager.h">
      <Filter>Public\Manager\UI</Filter>
    </ClInclude>
    <ClInclude Include="Public\Mesh\Material.h">
      <Filter>Public\Mesh</Filter>
    </ClInclude>
    <ClInclude Include="Public\Mesh\StaticMesh.h">
      <Filter>Public\Mesh</Filter>
    </ClInclude>
    <ClInclude Include="Public\Mesh\VertexDatas.h">
      <Filter>Public\Mesh</Filter>
    </ClInclude>
    <ClInclude Include="Public\Utility\Archive.h">
      <Filter>Public\Utility</Filter>
    </ClInclude>
    <ClInclude Include="Public\Utility\ArchiveFileReader.h">
      <Filter>Public\Utility</Filter>
    </ClInclude>
    <ClInclude Include="Public\Utility\ArchiveFileWriter.h">
      <Filter>Public\Utility</Filter>
    </ClInclude>
    <ClInclude Include="Public\Utility\FileManager.h">
      <Filter>Public\Utility</Filter>
    </ClInclude>
    <ClInclude Include="Public\Utility\MtlParser.h">
      <Filter>Public\Utility</Filter>
    </ClInclude>
    <ClInclude Include="Public\Utility\ObjManager.h">
      <Filter>Public\Utility</Filter>
    </ClInclude>
    <ClInclude Include="Public\\Utility\\LevelSerializer.h">
      <Filter>Public\Utility</Filter>
    </ClInclude>
    <ClInclude Include="Public\\Utility\\Metadata.h">
      <Filter>Public\Utility</Filter>
    </ClInclude>
    <ClInclude Include="Public\Core\ObjectIterator.h">
      <Filter>Public\Core</Filter>
    </ClInclude>
    <ClInclude Include="Public\\Core\\Class.h">
      <Filter>Public\Core</Filter>
    </ClInclude>
    <ClInclude Include="Public\\Core\\Object.h">
      <Filter>Public\Core</Filter>
    </ClInclude>
    <ClInclude Include="Public\\Core\\AppWindow.h">
      <Filter>Public\Core</Filter>
    </ClInclude>
    <ClInclude Include="Public\\Core\\ClientApp.h">
      <Filter>Public\Core</Filter>
    </ClInclude>
    <ClInclude Include="Public\Editor\EditorEngine.h">
      <Filter>Public\Editor</Filter>
    </ClInclude>
    <ClInclude Include="Public\\Editor\\Axis.h">
      <Filter>Public\Editor</Filter>
    </ClInclude>
    <ClInclude Include="Public\\Editor\\Camera.h">
      <Filter>Public\Editor</Filter>
    </ClInclude>
    <ClInclude Include="Public\\Editor\\Editor.h">
      <Filter>Public\Editor</Filter>
    </ClInclude>
    <ClInclude Include="Public\\Editor\\EditorPrimitive.h">
      <Filter>Public\Editor</Filter>
    </ClInclude>
    <ClInclude Include="Public\\Editor\\Gizmo.h">
      <Filter>Public\Editor</Filter>
    </ClInclude>
    <ClInclude Include="Public\\Editor\\Grid.h">
      <Filter>Public\Editor</Filter>
    </ClInclude>
    <ClInclude Include="Public\\Editor\\ObjectPicker.h">
      <Filter>Public\Editor</Filter>
    </ClInclude>
    <ClInclude Include="Public\Math\AABB.h">
      <Filter>Public\Math</Filter>
    </ClInclude>
    <ClInclude Include="Public\Math\Bvh.h">
      <Filter>Public\Math</Filter>
    </ClInclude>
    <ClInclude Include="Public\Math\Math.h">
      <Filter>Public\Math</Filter>
    </ClInclude>
    <ClInclude Include="Public\Math\Octree.h">
      <Filter>Public\Math</Filter>
    </ClInclude>
    <ClInclude Include="Public\DirectXTK\DDSTextureLoader.h">
      <Filter>Public\DirectXTK</Filter>
    </ClInclude>
    <ClInclude Include="Public\DirectXTK\DirectXHelpers.h">
      <Filter>Public\DirectXTK</Filter>
    </ClInclude>
    <ClInclude Include="Public\\Level\\Level.h">
      <Filter>Public\Level</Filter>
    </ClInclude>
    <ClInclude Include="Global\Name.h">
      <Filter>Global</Filter>
    </ClInclude>
    <ClInclude Include="Global\NameTable.h">
      <Filter>Global</Filter>
    </ClInclude>
    <ClInclude Include="Global\PipelineType.h">
      <Filter>Global</Filter>
    </ClInclude>
    <ClInclude Include="Global\Quat.h">
      <Filter>Global</Filter>
    </ClInclude>
    <ClInclude Include="Global\SIMDHelper.h">
      <Filter>Global</Filter>
    </ClInclude>
    <ClInclude Include="Global\Traits.h">
      <Filter>Global</Filter>
    </ClInclude>
    <ClInclude Include="Global\Constant.h">
      <Filter>Global</Filter>
    </ClInclude>
    <ClInclude Include="Global\CoreTypes.h">
      <Filter>Global</Filter>
    </ClInclude>
    <ClInclude Include="Global\Enum.h">
      <Filter>Global</Filter>
    </ClInclude>
    <ClInclude Include="Global\Function.h">
      <Filter>Global</Filter>
    </ClInclude>
    <ClInclude Include="Global\Macro.h">
      <Filter>Global</Filter>
    </ClInclude>
    <ClInclude Include="Global\Matrix.h">
      <Filter>Global</Filter>
    </ClInclude>
    <ClInclude Include="Global\Memory.h">
      <Filter>Global</Filter>
    </ClInclude>
    <ClInclude Include="Global\Types.h">
      <Filter>Global</Filter>
    </ClInclude>
    <ClInclude Include="Global\Vector.h">
      <Filter>Global</Filter>
    </ClInclude>
    <ClInclude Include="ImGui\imconfig.h">
      <Filter>ImGui</Filter>
    </ClInclude>
    <ClInclude Include="ImGui\imgui.h">
      <Filter>ImGui</Filter>
    </ClInclude>
    <ClInclude Include="ImGui\imgui_impl_dx11.h">
      <Filter>ImGui</Filter>
    </ClInclude>
    <ClInclude Include="ImGui\imgui_impl_win32.h">
      <Filter>ImGui</Filter>
    </ClInclude>
    <ClInclude Include="ImGui\imgui_internal.h">
      <Filter>ImGui</Filter>
    </ClInclude>
    <ClInclude Include="ImGui\imstb_rectpack.h">
      <Filter>ImGui</Filter>
    </ClInclude>
    <ClInclude Include="ImGui\imstb_textedit.h">
      <Filter>ImGui</Filter>
    </ClInclude>
    <ClInclude Include="ImGui\imstb_truetype.h">
      <Filter>ImGui</Filter>
    </ClInclude>
  </ItemGroup>
  <ItemGroup>
    <Image Include="Asset\Font\Roboto-Medium.dds">
      <Filter>Asset\Font</Filter>
    </Image>
    <Image Include="Data\None.dds">
      <Filter>Data</Filter>
    </Image>
  </ItemGroup>
  <ItemGroup>
    <Filter Include="Private">
      <UniqueIdentifier>{097e94ff-4c60-4c00-98cc-6a9422df7672}</UniqueIdentifier>
    </Filter>
    <Filter Include="Private\Render">
      <UniqueIdentifier>{7f834358-13f4-4e8c-9bb5-62a722c49fb2}</UniqueIdentifier>
    </Filter>
    <Filter Include="Private\Render\Viewport">
      <UniqueIdentifier>{f1a3dfa1-b6fa-4c43-a686-c9f8f65a6b56}</UniqueIdentifier>
    </Filter>
    <Filter Include="Private\Render\UI">
      <UniqueIdentifier>{79f948ab-f05e-45e0-aba5-8d59fe62145b}</UniqueIdentifier>
    </Filter>
    <Filter Include="Private\Render\UI\Widget">
      <UniqueIdentifier>{15d5083f-a3f9-4707-adfa-ffca47d3963e}</UniqueIdentifier>
    </Filter>
    <Filter Include="Private\Render\UI\Window">
      <UniqueIdentifier>{1e0f355a-b0d7-4b52-9052-8c5541e4385e}</UniqueIdentifier>
    </Filter>
    <Filter Include="Private\Render\UI\Layout">
      <UniqueIdentifier>{37b87cdb-a9e4-4665-80e3-1881dbc529b4}</UniqueIdentifier>
    </Filter>
    <Filter Include="Private\Render\UI\Factory">
      <UniqueIdentifier>{c47db286-65eb-4b5c-b189-1b44a39e8535}</UniqueIdentifier>
    </Filter>
    <Filter Include="Private\Render\UI\ImGui">
      <UniqueIdentifier>{1b932a29-03a6-4e48-b72b-87515b551718}</UniqueIdentifier>
    </Filter>
    <Filter Include="Private\Render\Cull">
      <UniqueIdentifier>{e0190bbb-b402-4be6-ba13-49a595a2a977}</UniqueIdentifier>
    </Filter>
    <Filter Include="Private\Render\Renderer">
      <UniqueIdentifier>{b5974dff-afbd-446f-956c-eddb84145f96}</UniqueIdentifier>
    </Filter>
    <Filter Include="Private\Components">
      <UniqueIdentifier>{73550903-5142-42b2-b738-f0f1bf28d365}</UniqueIdentifier>
    </Filter>
    <Filter Include="Private\Actor">
      <UniqueIdentifier>{64e2799a-3fd2-439c-b3ed-5454c577e73f}</UniqueIdentifier>
    </Filter>
    <Filter Include="Private\Manager">
      <UniqueIdentifier>{f1fa9f55-980c-4915-96ee-fa906aaab338}</UniqueIdentifier>
    </Filter>
    <Filter Include="Private\Manager\Viewport">
      <UniqueIdentifier>{eceb411c-37db-425e-b568-9234ac5b7c86}</UniqueIdentifier>
    </Filter>
    <Filter Include="Private\Manager\Resource">
      <UniqueIdentifier>{c2244072-dc83-4bbb-bff3-d7851cd1c82f}</UniqueIdentifier>
    </Filter>
    <Filter Include="Private\Manager\Overlay">
      <UniqueIdentifier>{54b6f6e4-00f6-4585-bc8d-af730dcae8d4}</UniqueIdentifier>
    </Filter>
    <Filter Include="Private\Manager\Time">
      <UniqueIdentifier>{cd357657-7fe8-4fbf-946b-f7685924ca12}</UniqueIdentifier>
    </Filter>
    <Filter Include="Private\Manager\Input">
      <UniqueIdentifier>{0e73367b-a1b5-4ae2-b35b-39a246a74567}</UniqueIdentifier>
    </Filter>
    <Filter Include="Private\Manager\Level">
      <UniqueIdentifier>{2d7d48d7-f022-4907-a7a7-1b905dd2c1d3}</UniqueIdentifier>
    </Filter>
    <Filter Include="Private\Manager\Path">
      <UniqueIdentifier>{00ee145a-17e8-4912-8bf9-6ca6abc1699b}</UniqueIdentifier>
    </Filter>
    <Filter Include="Private\Manager\UI">
      <UniqueIdentifier>{194ec8d7-e708-40ce-b621-8700c9ffd056}</UniqueIdentifier>
    </Filter>
    <Filter Include="Private\Core">
      <UniqueIdentifier>{58b0abbf-7b9f-4180-ab27-f4d18d60c680}</UniqueIdentifier>
    </Filter>
    <Filter Include="Private\Editor">
      <UniqueIdentifier>{d5aca982-0c01-4395-acba-18931251f15f}</UniqueIdentifier>
    </Filter>
    <Filter Include="Private\Math">
      <UniqueIdentifier>{c2d2e8ec-3f5b-47ea-ba82-3e02ed3f4b35}</UniqueIdentifier>
    </Filter>
    <Filter Include="Private\Mesh">
      <UniqueIdentifier>{bcc948a6-f51a-4b65-ab71-5a171dc81062}</UniqueIdentifier>
    </Filter>
    <Filter Include="Private\Level">
      <UniqueIdentifier>{ec04c31c-e131-4160-8e8b-3a3598904427}</UniqueIdentifier>
    </Filter>
    <Filter Include="Private\Utility">
      <UniqueIdentifier>{33a7e0ab-fc24-4da5-b052-30e434d9861e}</UniqueIdentifier>
    </Filter>
    <Filter Include="Public">
      <UniqueIdentifier>{4c383b6e-262a-4e19-8b62-a40737446047}</UniqueIdentifier>
    </Filter>
    <Filter Include="Public\Actor">
      <UniqueIdentifier>{aba85114-7cd4-40ef-8f74-2afee9133621}</UniqueIdentifier>
    </Filter>
    <Filter Include="Public\Components">
      <UniqueIdentifier>{6d42ccc5-cb21-452d-bc9b-526cfd54f0a4}</UniqueIdentifier>
    </Filter>
    <Filter Include="Public\Render">
      <UniqueIdentifier>{cda2a2fe-19aa-471c-8ae2-aad2dbbfe063}</UniqueIdentifier>
    </Filter>
    <Filter Include="Public\Render\UI">
      <UniqueIdentifier>{319fd9a2-5fe4-4734-ab5c-6c3acaebf0cf}</UniqueIdentifier>
    </Filter>
    <Filter Include="Public\Render\UI\Widget">
      <UniqueIdentifier>{abfa62ce-d049-41eb-96ad-4de36a08b742}</UniqueIdentifier>
    </Filter>
    <Filter Include="Public\Render\UI\Window">
      <UniqueIdentifier>{3b609650-7bc6-4f0d-894d-bd14310e4018}</UniqueIdentifier>
    </Filter>
    <Filter Include="Public\Render\UI\Layout">
      <UniqueIdentifier>{d2aa47f1-6807-410b-8dfe-44d2fb0cff94}</UniqueIdentifier>
    </Filter>
    <Filter Include="Public\Render\UI\Factory">
      <UniqueIdentifier>{9dcc7d29-e2fd-476c-8552-952e90bc15f1}</UniqueIdentifier>
    </Filter>
    <Filter Include="Public\Render\UI\ImGui">
      <UniqueIdentifier>{d71bab58-08c7-4bf3-9a6c-4c5ecb0cb3a2}</UniqueIdentifier>
    </Filter>
    <Filter Include="Public\Render\Cull">
      <UniqueIdentifier>{cd8981aa-ce34-4657-b93d-99ff86813c8b}</UniqueIdentifier>
    </Filter>
    <Filter Include="Public\Render\Viewport">
      <UniqueIdentifier>{f78ea695-5006-4966-8362-0c5edc6db130}</UniqueIdentifier>
    </Filter>
    <Filter Include="Public\Render\Renderer">
      <UniqueIdentifier>{6d49cd83-3482-436c-9a21-105e717d67f7}</UniqueIdentifier>
    </Filter>
    <Filter Include="Public\Manager">
      <UniqueIdentifier>{28e8dda0-2689-46c7-ab22-fc3174bce7e1}</UniqueIdentifier>
    </Filter>
    <Filter Include="Public\Manager\Viewport">
      <UniqueIdentifier>{13748469-cff3-40c8-96d0-6e41c5787157}</UniqueIdentifier>
    </Filter>
    <Filter Include="Public\Manager\Resource">
      <UniqueIdentifier>{4b778d0e-7a85-48a1-89c6-31161fab4585}</UniqueIdentifier>
    </Filter>
    <Filter Include="Public\Manager\Overlay">
      <UniqueIdentifier>{3d6f0ab6-1185-49b3-b4d7-74baf49ce310}</UniqueIdentifier>
    </Filter>
    <Filter Include="Public\Manager\Time">
      <UniqueIdentifier>{b5aa9c2e-9321-4e41-bde7-728e43a23e30}</UniqueIdentifier>
    </Filter>
    <Filter Include="Public\Manager\Input">
      <UniqueIdentifier>{e2479927-734f-409c-8b1f-453d9a77551d}</UniqueIdentifier>
    </Filter>
    <Filter Include="Public\Manager\Level">
      <UniqueIdentifier>{3e66582b-d672-4bb2-ab05-9c2bb09b7456}</UniqueIdentifier>
    </Filter>
    <Filter Include="Public\Manager\Path">
      <UniqueIdentifier>{05b76e09-9370-4322-8fb3-d8777d8b40d7}</UniqueIdentifier>
    </Filter>
    <Filter Include="Public\Manager\UI">
      <UniqueIdentifier>{151fb7cb-a671-4dbe-a1b0-3c1500cdeeb6}</UniqueIdentifier>
    </Filter>
    <Filter Include="Public\Mesh">
      <UniqueIdentifier>{90979f7f-4572-4409-8ebb-c455d7bf3657}</UniqueIdentifier>
    </Filter>
    <Filter Include="Public\Utility">
      <UniqueIdentifier>{cbef6ec3-f7bb-40c9-bfee-2af5259d88b9}</UniqueIdentifier>
    </Filter>
    <Filter Include="Public\Core">
      <UniqueIdentifier>{22b5ac37-6c0a-4c87-ac12-525a59cc09e2}</UniqueIdentifier>
    </Filter>
    <Filter Include="Public\Editor">
      <UniqueIdentifier>{cc4af8f1-a9e4-4517-b014-bac733a9a5ee}</UniqueIdentifier>
    </Filter>
    <Filter Include="Public\Math">
      <UniqueIdentifier>{eb986c14-dbb6-46e7-a25c-45b4aef449b9}</UniqueIdentifier>
    </Filter>
    <Filter Include="Public\DirectXTK">
      <UniqueIdentifier>{565af6c7-100c-4ee3-ad66-cfbde9b9bb01}</UniqueIdentifier>
    </Filter>
    <Filter Include="Public\Level">
      <UniqueIdentifier>{b0cee7de-6226-461e-90b0-6fdfaefac961}</UniqueIdentifier>
    </Filter>
    <Filter Include="Asset">
      <UniqueIdentifier>{4c5d62a2-2c26-4093-a97d-87cd936ba237}</UniqueIdentifier>
    </Filter>
    <Filter Include="Asset\Shader">
      <UniqueIdentifier>{394482a9-dbbe-4747-918d-0e485cb457e7}</UniqueIdentifier>
    </Filter>
    <Filter Include="Asset\Font">
      <UniqueIdentifier>{4880127c-b73e-4457-9b13-d1cf383dbc9f}</UniqueIdentifier>
    </Filter>
    <Filter Include="Global">
      <UniqueIdentifier>{b8d004c7-2f7c-45eb-bee3-4bbeafbbfe53}</UniqueIdentifier>
    </Filter>
    <Filter Include="ImGui">
      <UniqueIdentifier>{870ccaa6-936e-4b53-9a37-1abc31f327fa}</UniqueIdentifier>
    </Filter>
    <Filter Include="Data">
      <UniqueIdentifier>{0aa4f90f-cbb0-4caf-9a8a-ccf6f906f5a9}</UniqueIdentifier>
    </Filter>
  </ItemGroup>
  <ItemGroup>
    <ResourceCompile Include="Engine.rc" />
  </ItemGroup>
</Project>